{
  "nodes": {
    "core": {
      "flake": false,
      "locked": {
        "lastModified": 1791095781,
        "narHash": "sha256-9PRYLuwnQ3WMJebyjFHaK2eB2wB3e1dmfygSCc2TJB0=",
        "owner": "texturesgg",
        "repo": "texturesgg",
        "rev": "d03cf8e23ac4c5380330b7cb7df706b5bdb9b882",
        "type": "github"
      },
      "original": {
        "owner": "texturesgg",
        "repo": "texturesgg",
        "rev": "d03cf8e23ac4c5380330b7cb7df706b5bdb9b882",
        "type": "github"
      }
    },
    "nixpkgs": {
      "locked": {
        "lastModified": 1790822859,
        "narHash": "sha256-69xHQhAeMAD2wDXO7T2pcOZIF9Sga2W+JkmY2a11Ops=",
        "owner": "NixOS",
        "repo": "nixpkgs",
        "rev": "c59305bab2065cfecc4944690d9eedbb56f3a9fa",
        "type": "github"
      },
      "original": {
        "owner": "NixOS",
        "repo": "nixpkgs",
        "rev": "c59305bab2065cfecc4944690d9eedbb56f3a9fa",
        "type": "github"
      }
    },
    "root": {
      "inputs": {
        "core": "core",
        "nixpkgs": "nixpkgs"
      }
    }
  },
  "root": "root",
  "version": 7
}
